PODS:
  - Capacitor (4.2.0):
    - CapacitorCordova
  - CapacitorCordova (4.2.0)

DEPENDENCIES:
  - "Capacitor (from `../node_modules/@capacitor/ios`)"
  - "CapacitorCordova (from `../node_modules/@capacitor/ios`)"

EXTERNAL SOURCES:
  Capacitor:
    :path: "../node_modules/@capacitor/ios"
  CapacitorCordova:
    :path: "../node_modules/@capacitor/ios"

SPEC CHECKSUMS:
  Capacitor: 1dc8dbe3b5ffb9fd085739dbec754180975a7d37
  CapacitorCordova: 8de8340fa4fe8f93523a8884ef7024069b44d794

PODFILE CHECKSUM: 14e8b2400457751b865e1c327e7cfa1c6fa67da6

COCOAPODS: 1.11.2
